
Microsoft Visual Studio Solution File, Format Version 12.00
# Visual Studio Version 17
VisualStudioVersion = 17.7.34018.315
MinimumVisualStudioVersion = 10.0.40219.1
Project("{2150E333-8FDC-42A3-9474-1A3956D46DE8}") = "Solution Items", "Solution Items", "{C176471C-789C-4D53-AFAD-26A1DA657CFC}"
	ProjectSection(SolutionItems) = preProject
		README.md = README.md
	EndProjectSection
EndProject
Project("{2150E333-8FDC-42A3-9474-1A3956D46DE8}") = "src", "src", "{3C3B7324-0E13-4F68-90A5-AE05C59C1052}"
EndProject
Project("{2150E333-8FDC-42A3-9474-1A3956D46DE8}") = "tests", "tests", "{36EC90C0-AFDF-401D-BFAC-56677E35FDF5}"
EndProject
Project("{2150E333-8FDC-42A3-9474-1A3956D46DE8}") = "ApiGateways", "ApiGateways", "{E906B7A3-5BC7-4AFD-8A1D-A67D621014BD}"
EndProject
Project("{2150E333-8FDC-42A3-9474-1A3956D46DE8}") = "BuildingBlocks", "BuildingBlocks", "{9F764F0A-8B67-4C1F-B5DE-565F85658B31}"
EndProject
Project("{2150E333-8FDC-42A3-9474-1A3956D46DE8}") = "Services", "Services", "{5867F15F-855B-4283-9C5A-66C2392CEAEA}"
EndProject
Project("{2150E333-8FDC-42A3-9474-1A3956D46DE8}") = "WebApps", "WebApps", "{01DAA3BB-7B4C-4A40-9F36-11B35C964975}"
EndProject
Project("{FAE04EC0-301F-11D3-BF4B-00C04F79EFBC}") = "Common.Logging", "src\BuildingBlocks\ClassLibrary1\Common.Logging.csproj", "{6BBD4BB1-2803-4B49-9780-2BB4279B1EBB}"
EndProject
Project("{FAE04EC0-301F-11D3-BF4B-00C04F79EFBC}") = "EvenBus.Messages", "src\BuildingBlocks\EvenBus.Messages\EvenBus.Messages.csproj", "{F6A8452D-8FB4-477E-9F4C-B1153192DDC3}"
EndProject
Project("{2150E333-8FDC-42A3-9474-1A3956D46DE8}") = "Product", "Product", "{374949FD-C4F0-4FD3-AFF9-D3BF3DF6FA3D}"
EndProject
Project("{2150E333-8FDC-42A3-9474-1A3956D46DE8}") = "Customer", "Customer", "{7FCA4794-CB88-4BCF-9886-DA1DB2B0AB55}"
EndProject
Project("{2150E333-8FDC-42A3-9474-1A3956D46DE8}") = "Basket", "Basket", "{2DBD2D8A-8527-47A8-84FD-F146F25B663E}"
EndProject
Project("{2150E333-8FDC-42A3-9474-1A3956D46DE8}") = "Ordering", "Ordering", "{02AA3057-DFE6-4AEC-91B3-8D52838A2A37}"
EndProject
Project("{2150E333-8FDC-42A3-9474-1A3956D46DE8}") = "Inventory", "Inventory", "{FC5D3BC7-663A-4A7B-A75B-62E21E745B7E}"
EndProject
Project("{2150E333-8FDC-42A3-9474-1A3956D46DE8}") = "Email", "Email", "{4EAD9FF9-1336-4CDD-BE88-38D23E4B9339}"
EndProject
Project("{2150E333-8FDC-42A3-9474-1A3956D46DE8}") = "ScheduledJob", "ScheduledJob", "{C5EB3C61-F940-49A1-842A-80E344912F4A}"
EndProject
Project("{FAE04EC0-301F-11D3-BF4B-00C04F79EFBC}") = "WebHealthStatus", "src\WebApps\WebHealthStatus\WebHealthStatus.csproj", "{BBC3F0C6-0A28-4712-927C-76CA80C3C6EC}"
EndProject
Project("{FAE04EC0-301F-11D3-BF4B-00C04F79EFBC}") = "Basket.API", "src\Services\Basket.API\Basket.API.csproj", "{A0F2F6AF-AB37-48D9-BE31-7E720B37DACE}"
EndProject
Project("{FAE04EC0-301F-11D3-BF4B-00C04F79EFBC}") = "Customer.API", "src\Services\Customer.API\Customer.API.csproj", "{D9E7124E-67B8-452B-BC66-37018A6ADA66}"
EndProject
Project("{FAE04EC0-301F-11D3-BF4B-00C04F79EFBC}") = "Inventory.Product.API", "src\Services\Inventory.Product.API\Inventory.Product.API.csproj", "{B21E9E23-B576-4312-83F8-C22860806502}"
EndProject
Project("{FAE04EC0-301F-11D3-BF4B-00C04F79EFBC}") = "Ordering.API", "Ordering.API\Ordering.API.csproj", "{B173DEC2-4054-44D2-9DA8-95601E1AF9B4}"
EndProject
Project("{FAE04EC0-301F-11D3-BF4B-00C04F79EFBC}") = "Product.API", "src\Services\Product.API\Product.API.csproj", "{A56F4EB5-B357-4CA8-866E-732BAEB811EF}"
EndProject
Project("{FAE04EC0-301F-11D3-BF4B-00C04F79EFBC}") = "Hangfire.API", "src\Services\Hangfire.API\Hangfire.API.csproj", "{960B558A-B014-45E8-82A3-AFBD411D964D}"
EndProject
Project("{FAE04EC0-301F-11D3-BF4B-00C04F79EFBC}") = "Contract", "src\BuildingBlocks\Contract\Contract.csproj", "{5434499B-96F6-42D3-8053-83414001B91D}"
EndProject
Project("{FAE04EC0-301F-11D3-BF4B-00C04F79EFBC}") = "Infrastructure", "src\BuildingBlocks\Infrastructure\Infrastructure.csproj", "{3DDC5C99-EAAF-4C2F-981C-457C40F86253}"
EndProject
Project("{FAE04EC0-301F-11D3-BF4B-00C04F79EFBC}") = "Shared", "Shared\Shared.csproj", "{7C0EEBF5-87FC-4230-9B29-5390404C65E8}"
EndProject
Project("{FAE04EC0-301F-11D3-BF4B-00C04F79EFBC}") = "AcelotApiGw", "src\ApiGateways\AcelotApiGw\AcelotApiGw.csproj", "{38735EA8-EC0E-45E8-B842-014F9883B1DB}"
EndProject
Global
	GlobalSection(SolutionConfigurationPlatforms) = preSolution
		Debug|Any CPU = Debug|Any CPU
		Release|Any CPU = Release|Any CPU
	EndGlobalSection
	GlobalSection(ProjectConfigurationPlatforms) = postSolution
		{6BBD4BB1-2803-4B49-9780-2BB4279B1EBB}.Debug|Any CPU.ActiveCfg = Debug|Any CPU
		{6BBD4BB1-2803-4B49-9780-2BB4279B1EBB}.Debug|Any CPU.Build.0 = Debug|Any CPU
		{6BBD4BB1-2803-4B49-9780-2BB4279B1EBB}.Release|Any CPU.ActiveCfg = Release|Any CPU
		{6BBD4BB1-2803-4B49-9780-2BB4279B1EBB}.Release|Any CPU.Build.0 = Release|Any CPU
		{F6A8452D-8FB4-477E-9F4C-B1153192DDC3}.Debug|Any CPU.ActiveCfg = Debug|Any CPU
		{F6A8452D-8FB4-477E-9F4C-B1153192DDC3}.Debug|Any CPU.Build.0 = Debug|Any CPU
		{F6A8452D-8FB4-477E-9F4C-B1153192DDC3}.Release|Any CPU.ActiveCfg = Release|Any CPU
		{F6A8452D-8FB4-477E-9F4C-B1153192DDC3}.Release|Any CPU.Build.0 = Release|Any CPU
		{BBC3F0C6-0A28-4712-927C-76CA80C3C6EC}.Debug|Any CPU.ActiveCfg = Debug|Any CPU
		{BBC3F0C6-0A28-4712-927C-76CA80C3C6EC}.Debug|Any CPU.Build.0 = Debug|Any CPU
		{BBC3F0C6-0A28-4712-927C-76CA80C3C6EC}.Release|Any CPU.ActiveCfg = Release|Any CPU
		{BBC3F0C6-0A28-4712-927C-76CA80C3C6EC}.Release|Any CPU.Build.0 = Release|Any CPU
		{A0F2F6AF-AB37-48D9-BE31-7E720B37DACE}.Debug|Any CPU.ActiveCfg = Debug|Any CPU
		{A0F2F6AF-AB37-48D9-BE31-7E720B37DACE}.Debug|Any CPU.Build.0 = Debug|Any CPU
		{A0F2F6AF-AB37-48D9-BE31-7E720B37DACE}.Release|Any CPU.ActiveCfg = Release|Any CPU
		{A0F2F6AF-AB37-48D9-BE31-7E720B37DACE}.Release|Any CPU.Build.0 = Release|Any CPU
		{D9E7124E-67B8-452B-BC66-37018A6ADA66}.Debug|Any CPU.ActiveCfg = Debug|Any CPU
		{D9E7124E-67B8-452B-BC66-37018A6ADA66}.Debug|Any CPU.Build.0 = Debug|Any CPU
		{D9E7124E-67B8-452B-BC66-37018A6ADA66}.Release|Any CPU.ActiveCfg = Release|Any CPU
		{D9E7124E-67B8-452B-BC66-37018A6ADA66}.Release|Any CPU.Build.0 = Release|Any CPU
		{B21E9E23-B576-4312-83F8-C22860806502}.Debug|Any CPU.ActiveCfg = Debug|Any CPU
		{B21E9E23-B576-4312-83F8-C22860806502}.Debug|Any CPU.Build.0 = Debug|Any CPU
		{B21E9E23-B576-4312-83F8-C22860806502}.Release|Any CPU.ActiveCfg = Release|Any CPU
		{B21E9E23-B576-4312-83F8-C22860806502}.Release|Any CPU.Build.0 = Release|Any CPU
		{B173DEC2-4054-44D2-9DA8-95601E1AF9B4}.Debug|Any CPU.ActiveCfg = Debug|Any CPU
		{B173DEC2-4054-44D2-9DA8-95601E1AF9B4}.Debug|Any CPU.Build.0 = Debug|Any CPU
		{B173DEC2-4054-44D2-9DA8-95601E1AF9B4}.Release|Any CPU.ActiveCfg = Release|Any CPU
		{B173DEC2-4054-44D2-9DA8-95601E1AF9B4}.Release|Any CPU.Build.0 = Release|Any CPU
		{A56F4EB5-B357-4CA8-866E-732BAEB811EF}.Debug|Any CPU.ActiveCfg = Debug|Any CPU
		{A56F4EB5-B357-4CA8-866E-732BAEB811EF}.Debug|Any CPU.Build.0 = Debug|Any CPU
		{A56F4EB5-B357-4CA8-866E-732BAEB811EF}.Release|Any CPU.ActiveCfg = Release|Any CPU
		{A56F4EB5-B357-4CA8-866E-732BAEB811EF}.Release|Any CPU.Build.0 = Release|Any CPU
		{960B558A-B014-45E8-82A3-AFBD411D964D}.Debug|Any CPU.ActiveCfg = Debug|Any CPU
		{960B558A-B014-45E8-82A3-AFBD411D964D}.Debug|Any CPU.Build.0 = Debug|Any CPU
		{960B558A-B014-45E8-82A3-AFBD411D964D}.Release|Any CPU.ActiveCfg = Release|Any CPU
		{960B558A-B014-45E8-82A3-AFBD411D964D}.Release|Any CPU.Build.0 = Release|Any CPU
		{5434499B-96F6-42D3-8053-83414001B91D}.Debug|Any CPU.ActiveCfg = Debug|Any CPU
		{5434499B-96F6-42D3-8053-83414001B91D}.Debug|Any CPU.Build.0 = Debug|Any CPU
		{5434499B-96F6-42D3-8053-83414001B91D}.Release|Any CPU.ActiveCfg = Release|Any CPU
		{5434499B-96F6-42D3-8053-83414001B91D}.Release|Any CPU.Build.0 = Release|Any CPU
		{3DDC5C99-EAAF-4C2F-981C-457C40F86253}.Debug|Any CPU.ActiveCfg = Debug|Any CPU
		{3DDC5C99-EAAF-4C2F-981C-457C40F86253}.Debug|Any CPU.Build.0 = Debug|Any CPU
		{3DDC5C99-EAAF-4C2F-981C-457C40F86253}.Release|Any CPU.ActiveCfg = Release|Any CPU
		{3DDC5C99-EAAF-4C2F-981C-457C40F86253}.Release|Any CPU.Build.0 = Release|Any CPU
		{7C0EEBF5-87FC-4230-9B29-5390404C65E8}.Debug|Any CPU.ActiveCfg = Debug|Any CPU
		{7C0EEBF5-87FC-4230-9B29-5390404C65E8}.Debug|Any CPU.Build.0 = Debug|Any CPU
		{7C0EEBF5-87FC-4230-9B29-5390404C65E8}.Release|Any CPU.ActiveCfg = Release|Any CPU
		{7C0EEBF5-87FC-4230-9B29-5390404C65E8}.Release|Any CPU.Build.0 = Release|Any CPU
		{38735EA8-EC0E-45E8-B842-014F9883B1DB}.Debug|Any CPU.ActiveCfg = Debug|Any CPU
		{38735EA8-EC0E-45E8-B842-014F9883B1DB}.Debug|Any CPU.Build.0 = Debug|Any CPU
		{38735EA8-EC0E-45E8-B842-014F9883B1DB}.Release|Any CPU.ActiveCfg = Release|Any CPU
		{38735EA8-EC0E-45E8-B842-014F9883B1DB}.Release|Any CPU.Build.0 = Release|Any CPU
	EndGlobalSection
	GlobalSection(SolutionProperties) = preSolution
		HideSolutionNode = FALSE
	EndGlobalSection
	GlobalSection(NestedProjects) = preSolution
		{E906B7A3-5BC7-4AFD-8A1D-A67D621014BD} = {3C3B7324-0E13-4F68-90A5-AE05C59C1052}
		{9F764F0A-8B67-4C1F-B5DE-565F85658B31} = {3C3B7324-0E13-4F68-90A5-AE05C59C1052}
		{5867F15F-855B-4283-9C5A-66C2392CEAEA} = {3C3B7324-0E13-4F68-90A5-AE05C59C1052}
		{01DAA3BB-7B4C-4A40-9F36-11B35C964975} = {3C3B7324-0E13-4F68-90A5-AE05C59C1052}
		{6BBD4BB1-2803-4B49-9780-2BB4279B1EBB} = {9F764F0A-8B67-4C1F-B5DE-565F85658B31}
		{F6A8452D-8FB4-477E-9F4C-B1153192DDC3} = {9F764F0A-8B67-4C1F-B5DE-565F85658B31}
		{374949FD-C4F0-4FD3-AFF9-D3BF3DF6FA3D} = {5867F15F-855B-4283-9C5A-66C2392CEAEA}
		{7FCA4794-CB88-4BCF-9886-DA1DB2B0AB55} = {5867F15F-855B-4283-9C5A-66C2392CEAEA}
		{2DBD2D8A-8527-47A8-84FD-F146F25B663E} = {5867F15F-855B-4283-9C5A-66C2392CEAEA}
		{02AA3057-DFE6-4AEC-91B3-8D52838A2A37} = {5867F15F-855B-4283-9C5A-66C2392CEAEA}
		{FC5D3BC7-663A-4A7B-A75B-62E21E745B7E} = {5867F15F-855B-4283-9C5A-66C2392CEAEA}
		{4EAD9FF9-1336-4CDD-BE88-38D23E4B9339} = {5867F15F-855B-4283-9C5A-66C2392CEAEA}
		{C5EB3C61-F940-49A1-842A-80E344912F4A} = {5867F15F-855B-4283-9C5A-66C2392CEAEA}
		{BBC3F0C6-0A28-4712-927C-76CA80C3C6EC} = {01DAA3BB-7B4C-4A40-9F36-11B35C964975}
		{A0F2F6AF-AB37-48D9-BE31-7E720B37DACE} = {2DBD2D8A-8527-47A8-84FD-F146F25B663E}
		{D9E7124E-67B8-452B-BC66-37018A6ADA66} = {7FCA4794-CB88-4BCF-9886-DA1DB2B0AB55}
		{B21E9E23-B576-4312-83F8-C22860806502} = {FC5D3BC7-663A-4A7B-A75B-62E21E745B7E}
		{B173DEC2-4054-44D2-9DA8-95601E1AF9B4} = {02AA3057-DFE6-4AEC-91B3-8D52838A2A37}
		{A56F4EB5-B357-4CA8-866E-732BAEB811EF} = {374949FD-C4F0-4FD3-AFF9-D3BF3DF6FA3D}
		{960B558A-B014-45E8-82A3-AFBD411D964D} = {C5EB3C61-F940-49A1-842A-80E344912F4A}
		{5434499B-96F6-42D3-8053-83414001B91D} = {9F764F0A-8B67-4C1F-B5DE-565F85658B31}
		{3DDC5C99-EAAF-4C2F-981C-457C40F86253} = {9F764F0A-8B67-4C1F-B5DE-565F85658B31}
		{7C0EEBF5-87FC-4230-9B29-5390404C65E8} = {9F764F0A-8B67-4C1F-B5DE-565F85658B31}
		{38735EA8-EC0E-45E8-B842-014F9883B1DB} = {E906B7A3-5BC7-4AFD-8A1D-A67D621014BD}
	EndGlobalSection
	GlobalSection(ExtensibilityGlobals) = postSolution
		SolutionGuid = {482F2833-FD94-4AF3-9BE1-BAC82C8A33A7}
	EndGlobalSection
EndGlobal
